
Microsoft Visual Studio Solution File, Format Version 12.00
# Visual Studio Version 16
VisualStudioVersion = 16.0.29709.97
MinimumVisualStudioVersion = 10.0.40219.1
Project("{9A19103F-16F7-4668-BE54-9A1E7A4F7556}") = "CarRentalSystem.Identity", "CarRentalSystem.Identity\CarRentalSystem.Identity.csproj", "{2EE8E1DB-7B01-4769-A312-C5EF13AFD39B}"
EndProject
Project("{9A19103F-16F7-4668-BE54-9A1E7A4F7556}") = "CarRentalSystem.Dealers", "CarRentalSystem.Dealers\CarRentalSystem.Dealers.csproj", "{6A925C02-9593-4980-8113-42323E8D1013}"
EndProject
Project("{9A19103F-16F7-4668-BE54-9A1E7A4F7556}") = "CarRentalSystem.Common", "CarRentalSystem.Common\CarRentalSystem.Common.csproj", "{6BBAD377-FDC3-4460-A86E-394F6E8985EF}"
EndProject
Project("{9A19103F-16F7-4668-BE54-9A1E7A4F7556}") = "CarRentalSystem.Statistics", "CarRentalSystem.Statistics\CarRentalSystem.Statistics.csproj", "{CAD49BFB-5C74-480F-8602-502CFEEC81A5}"
EndProject
Project("{9A19103F-16F7-4668-BE54-9A1E7A4F7556}") = "CarRentalSystem.Schedule", "CarRentalSystem.Schedule\CarRentalSystem.Schedule.csproj", "{DF384329-5AA7-43C3-BB67-7DCF60091B33}"
EndProject
Project("{9A19103F-16F7-4668-BE54-9A1E7A4F7556}") = "CarRentalSystem.Admin", "CarRentalSystem.Admin\CarRentalSystem.Admin.csproj", "{71318213-12B5-4AEE-B091-1690F9D895BF}"
EndProject
Project("{9A19103F-16F7-4668-BE54-9A1E7A4F7556}") = "CarRentalSystem.Dealers.Gateway", "CarRentalSystem.Dealers.Gateway\CarRentalSystem.Dealers.Gateway.csproj", "{2309CFF5-AE90-4D51-A85E-0D698F0114DB}"
EndProject
Project("{9A19103F-16F7-4668-BE54-9A1E7A4F7556}") = "CarRentalSystem.Notifications", "CarRentalSystem.Notifications\CarRentalSystem.Notifications.csproj", "{192532A8-AD38-4BAE-BE03-73448EAE12EA}"
EndProject
Project("{FAE04EC0-301F-11D3-BF4B-00C04F79EFBC}") = "CarRentalSystem.Watchdog", "CarRentalSystem.Watchdog\CarRentalSystem.Watchdog.csproj", "{16FE8851-9545-48FD-ACA8-63E205C84A23}"
EndProject
Global
	GlobalSection(SolutionConfigurationPlatforms) = preSolution
		Debug|Any CPU = Debug|Any CPU
		Release|Any CPU = Release|Any CPU
	EndGlobalSection
	GlobalSection(ProjectConfigurationPlatforms) = postSolution
		{2EE8E1DB-7B01-4769-A312-C5EF13AFD39B}.Debug|Any CPU.ActiveCfg = Debug|Any CPU
		{2EE8E1DB-7B01-4769-A312-C5EF13AFD39B}.Debug|Any CPU.Build.0 = Debug|Any CPU
		{2EE8E1DB-7B01-4769-A312-C5EF13AFD39B}.Release|Any CPU.ActiveCfg = Release|Any CPU
		{2EE8E1DB-7B01-4769-A312-C5EF13AFD39B}.Release|Any CPU.Build.0 = Release|Any CPU
		{6A925C02-9593-4980-8113-42323E8D1013}.Debug|Any CPU.ActiveCfg = Debug|Any CPU
		{6A925C02-9593-4980-8113-42323E8D1013}.Debug|Any CPU.Build.0 = Debug|Any CPU
		{6A925C02-9593-4980-8113-42323E8D1013}.Release|Any CPU.ActiveCfg = Release|Any CPU
		{6A925C02-9593-4980-8113-42323E8D1013}.Release|Any CPU.Build.0 = Release|Any CPU
		{6BBAD377-FDC3-4460-A86E-394F6E8985EF}.Debug|Any CPU.ActiveCfg = Debug|Any CPU
		{6BBAD377-FDC3-4460-A86E-394F6E8985EF}.Debug|Any CPU.Build.0 = Debug|Any CPU
		{6BBAD377-FDC3-4460-A86E-394F6E8985EF}.Release|Any CPU.ActiveCfg = Release|Any CPU
		{6BBAD377-FDC3-4460-A86E-394F6E8985EF}.Release|Any CPU.Build.0 = Release|Any CPU
		{CAD49BFB-5C74-480F-8602-502CFEEC81A5}.Debug|Any CPU.ActiveCfg = Debug|Any CPU
		{CAD49BFB-5C74-480F-8602-502CFEEC81A5}.Debug|Any CPU.Build.0 = Debug|Any CPU
		{CAD49BFB-5C74-480F-8602-502CFEEC81A5}.Release|Any CPU.ActiveCfg = Release|Any CPU
		{CAD49BFB-5C74-480F-8602-502CFEEC81A5}.Release|Any CPU.Build.0 = Release|Any CPU
		{DF384329-5AA7-43C3-BB67-7DCF60091B33}.Debug|Any CPU.ActiveCfg = Debug|Any CPU
		{DF384329-5AA7-43C3-BB67-7DCF60091B33}.Debug|Any CPU.Build.0 = Debug|Any CPU
		{DF384329-5AA7-43C3-BB67-7DCF60091B33}.Release|Any CPU.ActiveCfg = Release|Any CPU
		{DF384329-5AA7-43C3-BB67-7DCF60091B33}.Release|Any CPU.Build.0 = Release|Any CPU
		{71318213-12B5-4AEE-B091-1690F9D895BF}.Debug|Any CPU.ActiveCfg = Debug|Any CPU
		{71318213-12B5-4AEE-B091-1690F9D895BF}.Debug|Any CPU.Build.0 = Debug|Any CPU
		{71318213-12B5-4AEE-B091-1690F9D895BF}.Release|Any CPU.ActiveCfg = Release|Any CPU
		{71318213-12B5-4AEE-B091-1690F9D895BF}.Release|Any CPU.Build.0 = Release|Any CPU
		{2309CFF5-AE90-4D51-A85E-0D698F0114DB}.Debug|Any CPU.ActiveCfg = Debug|Any CPU
		{2309CFF5-AE90-4D51-A85E-0D698F0114DB}.Debug|Any CPU.Build.0 = Debug|Any CPU
		{2309CFF5-AE90-4D51-A85E-0D698F0114DB}.Release|Any CPU.ActiveCfg = Release|Any CPU
		{2309CFF5-AE90-4D51-A85E-0D698F0114DB}.Release|Any CPU.Build.0 = Release|Any CPU
		{192532A8-AD38-4BAE-BE03-73448EAE12EA}.Debug|Any CPU.ActiveCfg = Debug|Any CPU
		{192532A8-AD38-4BAE-BE03-73448EAE12EA}.Debug|Any CPU.Build.0 = Debug|Any CPU
		{192532A8-AD38-4BAE-BE03-73448EAE12EA}.Release|Any CPU.ActiveCfg = Release|Any CPU
		{192532A8-AD38-4BAE-BE03-73448EAE12EA}.Release|Any CPU.Build.0 = Release|Any CPU
		{16FE8851-9545-48FD-ACA8-63E205C84A23}.Debug|Any CPU.ActiveCfg = Debug|Any CPU
		{16FE8851-9545-48FD-ACA8-63E205C84A23}.Debug|Any CPU.Build.0 = Debug|Any CPU
		{16FE8851-9545-48FD-ACA8-63E205C84A23}.Release|Any CPU.ActiveCfg = Release|Any CPU
		{16FE8851-9545-48FD-ACA8-63E205C84A23}.Release|Any CPU.Build.0 = Release|Any CPU
	EndGlobalSection
	GlobalSection(SolutionProperties) = preSolution
		HideSolutionNode = FALSE
	EndGlobalSection
	GlobalSection(ExtensibilityGlobals) = postSolution
		SolutionGuid = {58A386E4-E7C7-49B8-8E30-D8DD2154B7D5}
	EndGlobalSection
EndGlobal
