
Microsoft Visual Studio Solution File, Format Version 12.00
# Visual Studio Version 17
VisualStudioVersion = 17.2.32526.322
MinimumVisualStudioVersion = 10.0.40219.1
Project("{FAE04EC0-301F-11D3-BF4B-00C04F79EFBC}") = "PlatformService", "PlatformService\PlatformService.csproj", "{2A2764E7-1960-4C95-82F3-3F4BA7D244CA}"
EndProject
Global
	GlobalSection(SolutionConfigurationPlatforms) = preSolution
		Debug|Any CPU = Debug|Any CPU
		Release|Any CPU = Release|Any CPU
	EndGlobalSection
	GlobalSection(ProjectConfigurationPlatforms) = postSolution
		{2A2764E7-1960-4C95-82F3-3F4BA7D244CA}.Debug|Any CPU.ActiveCfg = Debug|Any CPU
		{2A2764E7-1960-4C95-82F3-3F4BA7D244CA}.Debug|Any CPU.Build.0 = Debug|Any CPU
		{2A2764E7-1960-4C95-82F3-3F4BA7D244CA}.Release|Any CPU.ActiveCfg = Release|Any CPU
		{2A2764E7-1960-4C95-82F3-3F4BA7D244CA}.Release|Any CPU.Build.0 = Release|Any CPU
	EndGlobalSection
	GlobalSection(SolutionProperties) = preSolution
		HideSolutionNode = FALSE
	EndGlobalSection
	GlobalSection(ExtensibilityGlobals) = postSolution
		SolutionGuid = {14ED2F92-F784-445A-A756-2D9014DE8DBA}
	EndGlobalSection
EndGlobal
