
Microsoft Visual Studio Solution File, Format Version 12.00
# Visual Studio Version 17
VisualStudioVersion = 17.2.32526.322
MinimumVisualStudioVersion = 10.0.40219.1
Project("{9A19103F-16F7-4668-BE54-9A1E7A4F7556}") = "PlatformService", "PlatformService\PlatformService.csproj", "{2A2764E7-1960-4C95-82F3-3F4BA7D244CA}"
EndProject
Project("{2150E333-8FDC-42A3-9474-1A3956D46DE8}") = "K8s", "K8s", "{D54FCAC5-980B-40F0-8101-80A7F76B94A7}"
	ProjectSection(SolutionItems) = preProject
		..\K8s\commands-deployment.yaml = ..\K8s\commands-deployment.yaml
		..\K8s\platforms-deployment.yaml = ..\K8s\platforms-deployment.yaml
		..\K8s\platforms-np-srv.yaml = ..\K8s\platforms-np-srv.yaml
	EndProjectSection
EndProject
Project("{FAE04EC0-301F-11D3-BF4B-00C04F79EFBC}") = "CommandService", "CommandService\CommandService.csproj", "{6ED3142E-8C88-4C24-AA1C-9111E21A21F9}"
EndProject
Project("{FAE04EC0-301F-11D3-BF4B-00C04F79EFBC}") = "Common", "Common\Common.csproj", "{74E34E64-E46B-4789-8F3F-014EEC54621A}"
EndProject
Global
	GlobalSection(SolutionConfigurationPlatforms) = preSolution
		Debug|Any CPU = Debug|Any CPU
		Release|Any CPU = Release|Any CPU
	EndGlobalSection
	GlobalSection(ProjectConfigurationPlatforms) = postSolution
		{2A2764E7-1960-4C95-82F3-3F4BA7D244CA}.Debug|Any CPU.ActiveCfg = Debug|Any CPU
		{2A2764E7-1960-4C95-82F3-3F4BA7D244CA}.Debug|Any CPU.Build.0 = Debug|Any CPU
		{2A2764E7-1960-4C95-82F3-3F4BA7D244CA}.Release|Any CPU.ActiveCfg = Release|Any CPU
		{2A2764E7-1960-4C95-82F3-3F4BA7D244CA}.Release|Any CPU.Build.0 = Release|Any CPU
		{6ED3142E-8C88-4C24-AA1C-9111E21A21F9}.Debug|Any CPU.ActiveCfg = Debug|Any CPU
		{6ED3142E-8C88-4C24-AA1C-9111E21A21F9}.Debug|Any CPU.Build.0 = Debug|Any CPU
		{6ED3142E-8C88-4C24-AA1C-9111E21A21F9}.Release|Any CPU.ActiveCfg = Release|Any CPU
		{6ED3142E-8C88-4C24-AA1C-9111E21A21F9}.Release|Any CPU.Build.0 = Release|Any CPU
		{74E34E64-E46B-4789-8F3F-014EEC54621A}.Debug|Any CPU.ActiveCfg = Debug|Any CPU
		{74E34E64-E46B-4789-8F3F-014EEC54621A}.Debug|Any CPU.Build.0 = Debug|Any CPU
		{74E34E64-E46B-4789-8F3F-014EEC54621A}.Release|Any CPU.ActiveCfg = Release|Any CPU
		{74E34E64-E46B-4789-8F3F-014EEC54621A}.Release|Any CPU.Build.0 = Release|Any CPU
	EndGlobalSection
	GlobalSection(SolutionProperties) = preSolution
		HideSolutionNode = FALSE
	EndGlobalSection
	GlobalSection(ExtensibilityGlobals) = postSolution
		SolutionGuid = {14ED2F92-F784-445A-A756-2D9014DE8DBA}
	EndGlobalSection
EndGlobal
